// !$*UTF8*$!
{
	archiveVersion = 1;
	classes = {
	};
	objectVersion = 46;
	objects = {

/* Begin PBXBuildFile section */
		21BB04DA49594452AD5EE0BF /* libPods.a in Frameworks */ = {isa = PBXBuildFile; fileRef = 385FF3CC3C6A49D5B285D5B1 /* libPods.a */; };
		7A42278917EE10FC00E90387 /* Foundation.framework in Frameworks */ = {isa = PBXBuildFile; fileRef = 7A42278817EE10FC00E90387 /* Foundation.framework */; };
		7A42278B17EE10FC00E90387 /* CoreGraphics.framework in Frameworks */ = {isa = PBXBuildFile; fileRef = 7A42278A17EE10FC00E90387 /* CoreGraphics.framework */; };
		7A42278D17EE10FC00E90387 /* UIKit.framework in Frameworks */ = {isa = PBXBuildFile; fileRef = 7A42278C17EE10FC00E90387 /* UIKit.framework */; };
		7A42279317EE10FC00E90387 /* InfoPlist.strings in Resources */ = {isa = PBXBuildFile; fileRef = 7A42279117EE10FC00E90387 /* InfoPlist.strings */; };
		7A42279517EE10FC00E90387 /* main.m in Sources */ = {isa = PBXBuildFile; fileRef = 7A42279417EE10FC00E90387 /* main.m */; };
		7A42279917EE10FC00E90387 /* WRCAppDelegate.m in Sources */ = {isa = PBXBuildFile; fileRef = 7A42279817EE10FC00E90387 /* WRCAppDelegate.m */; };
		7A4227A117EE10FC00E90387 /* Images.xcassets in Resources */ = {isa = PBXBuildFile; fileRef = 7A4227A017EE10FC00E90387 /* Images.xcassets */; };
		7A4227A817EE10FC00E90387 /* XCTest.framework in Frameworks */ = {isa = PBXBuildFile; fileRef = 7A4227A717EE10FC00E90387 /* XCTest.framework */; };
		7A4227A917EE10FC00E90387 /* Foundation.framework in Frameworks */ = {isa = PBXBuildFile; fileRef = 7A42278817EE10FC00E90387 /* Foundation.framework */; };
		7A4227AA17EE10FC00E90387 /* UIKit.framework in Frameworks */ = {isa = PBXBuildFile; fileRef = 7A42278C17EE10FC00E90387 /* UIKit.framework */; };
		7A4227B217EE10FC00E90387 /* InfoPlist.strings in Resources */ = {isa = PBXBuildFile; fileRef = 7A4227B017EE10FC00E90387 /* InfoPlist.strings */; };
		7A4227B417EE10FC00E90387 /* Word_RecallTests.m in Sources */ = {isa = PBXBuildFile; fileRef = 7A4227B317EE10FC00E90387 /* Word_RecallTests.m */; };
		7A4227C217EE122100E90387 /* ATArchivableObject.m in Sources */ = {isa = PBXBuildFile; fileRef = 7A4227C117EE122100E90387 /* ATArchivableObject.m */; };
		7A4227C617EE125500E90387 /* WRCWordInfo.m in Sources */ = {isa = PBXBuildFile; fileRef = 7A4227C517EE125500E90387 /* WRCWordInfo.m */; };
		7A4227D917EE14D700E90387 /* GOOWordInfo.m in Sources */ = {isa = PBXBuildFile; fileRef = 7A4227D617EE14D700E90387 /* GOOWordInfo.m */; };
		7A4227DA17EE14D700E90387 /* GOOWordInfoSearch.m in Sources */ = {isa = PBXBuildFile; fileRef = 7A4227D817EE14D700E90387 /* GOOWordInfoSearch.m */; };
		7AF0583417EE1B2700BEADD1 /* ATAFJSONPResponseSerializer.m in Sources */ = {isa = PBXBuildFile; fileRef = 7AF0583317EE1B2700BEADD1 /* ATAFJSONPResponseSerializer.m */; };
		7AF0583717EE1F8800BEADD1 /* GOOJSONPResponseSerializer.m in Sources */ = {isa = PBXBuildFile; fileRef = 7AF0583617EE1F8800BEADD1 /* GOOJSONPResponseSerializer.m */; };
		7AF0584117EE37FE00BEADD1 /* ATObjectStore.m in Sources */ = {isa = PBXBuildFile; fileRef = 7AF0584017EE37FE00BEADD1 /* ATObjectStore.m */; };
		7AF0584317EE395E00BEADD1 /* WRCWordList.plist in Resources */ = {isa = PBXBuildFile; fileRef = 7AF0584217EE395E00BEADD1 /* WRCWordList.plist */; };
		7AF0584717EE3AD600BEADD1 /* NSURL+SystemDirectories.m in Sources */ = {isa = PBXBuildFile; fileRef = 7AF0584617EE3AD600BEADD1 /* NSURL+SystemDirectories.m */; };
		7AF0584A17EE415C00BEADD1 /* WRCQuizViewController.m in Sources */ = {isa = PBXBuildFile; fileRef = 7AF0584917EE415C00BEADD1 /* WRCQuizViewController.m */; };
		7AF0584C17EE419900BEADD1 /* WRCQuizView.xib in Resources */ = {isa = PBXBuildFile; fileRef = 7AF0584B17EE419900BEADD1 /* WRCQuizView.xib */; };
		7AF0586517EE563F00BEADD1 /* NSArray+Shuffle.m in Sources */ = {isa = PBXBuildFile; fileRef = 7AF0586417EE563F00BEADD1 /* NSArray+Shuffle.m */; };
		7AF0586817EE587700BEADD1 /* NSArray+RandomObject.m in Sources */ = {isa = PBXBuildFile; fileRef = 7AF0586717EE587700BEADD1 /* NSArray+RandomObject.m */; };
		7AF0586E17EEA37F00BEADD1 /* ATTableViewPickerView.m in Sources */ = {isa = PBXBuildFile; fileRef = 7AF0586D17EEA37F00BEADD1 /* ATTableViewPickerView.m */; };
		7AF0587117EEAA9600BEADD1 /* WRCWordDefinitionTableViewPickerView.m in Sources */ = {isa = PBXBuildFile; fileRef = 7AF0587017EEAA9600BEADD1 /* WRCWordDefinitionTableViewPickerView.m */; };
/* End PBXBuildFile section */

/* Begin PBXContainerItemProxy section */
		7A4227AB17EE10FC00E90387 /* PBXContainerItemProxy */ = {
			isa = PBXContainerItemProxy;
			containerPortal = 7A42277D17EE10FC00E90387 /* Project object */;
			proxyType = 1;
			remoteGlobalIDString = 7A42278417EE10FC00E90387;
			remoteInfo = "Word Recall";
		};
/* End PBXContainerItemProxy section */

/* Begin PBXFileReference section */
		385FF3CC3C6A49D5B285D5B1 /* libPods.a */ = {isa = PBXFileReference; explicitFileType = archive.ar; includeInIndex = 0; path = libPods.a; sourceTree = BUILT_PRODUCTS_DIR; };
		67DC83C38CD14CFB926836F0 /* Pods.xcconfig */ = {isa = PBXFileReference; includeInIndex = 1; lastKnownFileType = text.xcconfig; name = Pods.xcconfig; path = Pods/Pods.xcconfig; sourceTree = SOURCE_ROOT; };
		7A42278517EE10FC00E90387 /* Word Recall.app */ = {isa = PBXFileReference; explicitFileType = wrapper.application; includeInIndex = 0; path = "Word Recall.app"; sourceTree = BUILT_PRODUCTS_DIR; };
		7A42278817EE10FC00E90387 /* Foundation.framework */ = {isa = PBXFileReference; lastKnownFileType = wrapper.framework; name = Foundation.framework; path = System/Library/Frameworks/Foundation.framework; sourceTree = SDKROOT; };
		7A42278A17EE10FC00E90387 /* CoreGraphics.framework */ = {isa = PBXFileReference; lastKnownFileType = wrapper.framework; name = CoreGraphics.framework; path = System/Library/Frameworks/CoreGraphics.framework; sourceTree = SDKROOT; };
		7A42278C17EE10FC00E90387 /* UIKit.framework */ = {isa = PBXFileReference; lastKnownFileType = wrapper.framework; name = UIKit.framework; path = System/Library/Frameworks/UIKit.framework; sourceTree = SDKROOT; };
		7A42279017EE10FC00E90387 /* Word Recall-Info.plist */ = {isa = PBXFileReference; lastKnownFileType = text.plist.xml; path = "Word Recall-Info.plist"; sourceTree = "<group>"; };
		7A42279217EE10FC00E90387 /* en */ = {isa = PBXFileReference; lastKnownFileType = text.plist.strings; name = en; path = en.lproj/InfoPlist.strings; sourceTree = "<group>"; };
		7A42279417EE10FC00E90387 /* main.m */ = {isa = PBXFileReference; lastKnownFileType = sourcecode.c.objc; path = main.m; sourceTree = "<group>"; };
		7A42279617EE10FC00E90387 /* Word Recall-Prefix.pch */ = {isa = PBXFileReference; lastKnownFileType = sourcecode.c.h; path = "Word Recall-Prefix.pch"; sourceTree = "<group>"; };
		7A42279717EE10FC00E90387 /* WRCAppDelegate.h */ = {isa = PBXFileReference; lastKnownFileType = sourcecode.c.h; path = WRCAppDelegate.h; sourceTree = "<group>"; };
		7A42279817EE10FC00E90387 /* WRCAppDelegate.m */ = {isa = PBXFileReference; lastKnownFileType = sourcecode.c.objc; path = WRCAppDelegate.m; sourceTree = "<group>"; };
		7A4227A017EE10FC00E90387 /* Images.xcassets */ = {isa = PBXFileReference; lastKnownFileType = folder.assetcatalog; path = Images.xcassets; sourceTree = "<group>"; };
		7A4227A617EE10FC00E90387 /* Word RecallTests.xctest */ = {isa = PBXFileReference; explicitFileType = wrapper.cfbundle; includeInIndex = 0; path = "Word RecallTests.xctest"; sourceTree = BUILT_PRODUCTS_DIR; };
		7A4227A717EE10FC00E90387 /* XCTest.framework */ = {isa = PBXFileReference; lastKnownFileType = wrapper.framework; name = XCTest.framework; path = Library/Frameworks/XCTest.framework; sourceTree = DEVELOPER_DIR; };
		7A4227AF17EE10FC00E90387 /* Word RecallTests-Info.plist */ = {isa = PBXFileReference; lastKnownFileType = text.plist.xml; path = "Word RecallTests-Info.plist"; sourceTree = "<group>"; };
		7A4227B117EE10FC00E90387 /* en */ = {isa = PBXFileReference; lastKnownFileType = text.plist.strings; name = en; path = en.lproj/InfoPlist.strings; sourceTree = "<group>"; };
		7A4227B317EE10FC00E90387 /* Word_RecallTests.m */ = {isa = PBXFileReference; lastKnownFileType = sourcecode.c.objc; path = Word_RecallTests.m; sourceTree = "<group>"; };
		7A4227C017EE122100E90387 /* ATArchivableObject.h */ = {isa = PBXFileReference; fileEncoding = 4; lastKnownFileType = sourcecode.c.h; path = ATArchivableObject.h; sourceTree = "<group>"; };
		7A4227C117EE122100E90387 /* ATArchivableObject.m */ = {isa = PBXFileReference; fileEncoding = 4; lastKnownFileType = sourcecode.c.objc; path = ATArchivableObject.m; sourceTree = "<group>"; };
		7A4227C417EE125500E90387 /* WRCWordInfo.h */ = {isa = PBXFileReference; fileEncoding = 4; lastKnownFileType = sourcecode.c.h; path = WRCWordInfo.h; sourceTree = "<group>"; };
		7A4227C517EE125500E90387 /* WRCWordInfo.m */ = {isa = PBXFileReference; fileEncoding = 4; lastKnownFileType = sourcecode.c.objc; path = WRCWordInfo.m; sourceTree = "<group>"; };
		7A4227D517EE14D700E90387 /* GOOWordInfo.h */ = {isa = PBXFileReference; fileEncoding = 4; lastKnownFileType = sourcecode.c.h; path = GOOWordInfo.h; sourceTree = "<group>"; };
		7A4227D617EE14D700E90387 /* GOOWordInfo.m */ = {isa = PBXFileReference; fileEncoding = 4; lastKnownFileType = sourcecode.c.objc; path = GOOWordInfo.m; sourceTree = "<group>"; };
		7A4227D717EE14D700E90387 /* GOOWordInfoSearch.h */ = {isa = PBXFileReference; fileEncoding = 4; lastKnownFileType = sourcecode.c.h; path = GOOWordInfoSearch.h; sourceTree = "<group>"; };
		7A4227D817EE14D700E90387 /* GOOWordInfoSearch.m */ = {isa = PBXFileReference; fileEncoding = 4; lastKnownFileType = sourcecode.c.objc; path = GOOWordInfoSearch.m; sourceTree = "<group>"; };
		7AF0583217EE1B2700BEADD1 /* ATAFJSONPResponseSerializer.h */ = {isa = PBXFileReference; fileEncoding = 4; lastKnownFileType = sourcecode.c.h; path = ATAFJSONPResponseSerializer.h; sourceTree = "<group>"; };
		7AF0583317EE1B2700BEADD1 /* ATAFJSONPResponseSerializer.m */ = {isa = PBXFileReference; fileEncoding = 4; lastKnownFileType = sourcecode.c.objc; path = ATAFJSONPResponseSerializer.m; sourceTree = "<group>"; };
		7AF0583517EE1F8800BEADD1 /* GOOJSONPResponseSerializer.h */ = {isa = PBXFileReference; fileEncoding = 4; lastKnownFileType = sourcecode.c.h; path = GOOJSONPResponseSerializer.h; sourceTree = "<group>"; };
		7AF0583617EE1F8800BEADD1 /* GOOJSONPResponseSerializer.m */ = {isa = PBXFileReference; fileEncoding = 4; lastKnownFileType = sourcecode.c.objc; path = GOOJSONPResponseSerializer.m; sourceTree = "<group>"; };
		7AF0583F17EE37FE00BEADD1 /* ATObjectStore.h */ = {isa = PBXFileReference; fileEncoding = 4; lastKnownFileType = sourcecode.c.h; path = ATObjectStore.h; sourceTree = "<group>"; };
		7AF0584017EE37FE00BEADD1 /* ATObjectStore.m */ = {isa = PBXFileReference; fileEncoding = 4; lastKnownFileType = sourcecode.c.objc; path = ATObjectStore.m; sourceTree = "<group>"; };
		7AF0584217EE395E00BEADD1 /* WRCWordList.plist */ = {isa = PBXFileReference; fileEncoding = 4; lastKnownFileType = text.plist.xml; path = WRCWordList.plist; sourceTree = "<group>"; };
		7AF0584517EE3AD600BEADD1 /* NSURL+SystemDirectories.h */ = {isa = PBXFileReference; fileEncoding = 4; lastKnownFileType = sourcecode.c.h; path = "NSURL+SystemDirectories.h"; sourceTree = "<group>"; };
		7AF0584617EE3AD600BEADD1 /* NSURL+SystemDirectories.m */ = {isa = PBXFileReference; fileEncoding = 4; lastKnownFileType = sourcecode.c.objc; path = "NSURL+SystemDirectories.m"; sourceTree = "<group>"; };
		7AF0584817EE415C00BEADD1 /* WRCQuizViewController.h */ = {isa = PBXFileReference; fileEncoding = 4; lastKnownFileType = sourcecode.c.h; name = WRCQuizViewController.h; path = "Word Recall/WRCQuizViewController.h"; sourceTree = SOURCE_ROOT; };
		7AF0584917EE415C00BEADD1 /* WRCQuizViewController.m */ = {isa = PBXFileReference; fileEncoding = 4; lastKnownFileType = sourcecode.c.objc; name = WRCQuizViewController.m; path = "Word Recall/WRCQuizViewController.m"; sourceTree = SOURCE_ROOT; };
		7AF0584B17EE419900BEADD1 /* WRCQuizView.xib */ = {isa = PBXFileReference; fileEncoding = 4; lastKnownFileType = file.xib; path = WRCQuizView.xib; sourceTree = "<group>"; };
		7AF0586317EE563F00BEADD1 /* NSArray+Shuffle.h */ = {isa = PBXFileReference; fileEncoding = 4; lastKnownFileType = sourcecode.c.h; path = "NSArray+Shuffle.h"; sourceTree = "<group>"; };
		7AF0586417EE563F00BEADD1 /* NSArray+Shuffle.m */ = {isa = PBXFileReference; fileEncoding = 4; lastKnownFileType = sourcecode.c.objc; path = "NSArray+Shuffle.m"; sourceTree = "<group>"; };
		7AF0586617EE587700BEADD1 /* NSArray+RandomObject.h */ = {isa = PBXFileReference; fileEncoding = 4; lastKnownFileType = sourcecode.c.h; path = "NSArray+RandomObject.h"; sourceTree = "<group>"; };
		7AF0586717EE587700BEADD1 /* NSArray+RandomObject.m */ = {isa = PBXFileReference; fileEncoding = 4; lastKnownFileType = sourcecode.c.objc; path = "NSArray+RandomObject.m"; sourceTree = "<group>"; };
		7AF0586C17EEA37F00BEADD1 /* ATTableViewPickerView.h */ = {isa = PBXFileReference; fileEncoding = 4; lastKnownFileType = sourcecode.c.h; path = ATTableViewPickerView.h; sourceTree = "<group>"; };
		7AF0586D17EEA37F00BEADD1 /* ATTableViewPickerView.m */ = {isa = PBXFileReference; fileEncoding = 4; lastKnownFileType = sourcecode.c.objc; path = ATTableViewPickerView.m; sourceTree = "<group>"; };
		7AF0586F17EEAA9600BEADD1 /* WRCWordDefinitionTableViewPickerView.h */ = {isa = PBXFileReference; fileEncoding = 4; lastKnownFileType = sourcecode.c.h; path = WRCWordDefinitionTableViewPickerView.h; sourceTree = "<group>"; };
		7AF0587017EEAA9600BEADD1 /* WRCWordDefinitionTableViewPickerView.m */ = {isa = PBXFileReference; fileEncoding = 4; lastKnownFileType = sourcecode.c.objc; path = WRCWordDefinitionTableViewPickerView.m; sourceTree = "<group>"; };
/* End PBXFileReference section */

/* Begin PBXFrameworksBuildPhase section */
		7A42278217EE10FC00E90387 /* Frameworks */ = {
			isa = PBXFrameworksBuildPhase;
			buildActionMask = 2147483647;
			files = (
				7A42278B17EE10FC00E90387 /* CoreGraphics.framework in Frameworks */,
				7A42278D17EE10FC00E90387 /* UIKit.framework in Frameworks */,
				7A42278917EE10FC00E90387 /* Foundation.framework in Frameworks */,
				21BB04DA49594452AD5EE0BF /* libPods.a in Frameworks */,
			);
			runOnlyForDeploymentPostprocessing = 0;
		};
		7A4227A317EE10FC00E90387 /* Frameworks */ = {
			isa = PBXFrameworksBuildPhase;
			buildActionMask = 2147483647;
			files = (
				7A4227A817EE10FC00E90387 /* XCTest.framework in Frameworks */,
				7A4227AA17EE10FC00E90387 /* UIKit.framework in Frameworks */,
				7A4227A917EE10FC00E90387 /* Foundation.framework in Frameworks */,
			);
			runOnlyForDeploymentPostprocessing = 0;
		};
/* End PBXFrameworksBuildPhase section */

/* Begin PBXGroup section */
		7A42277C17EE10FC00E90387 = {
			isa = PBXGroup;
			children = (
				7A42278E17EE10FC00E90387 /* Word Recall */,
				7A4227AD17EE10FC00E90387 /* Word RecallTests */,
				7A42278717EE10FC00E90387 /* Frameworks */,
				7A42278617EE10FC00E90387 /* Products */,
				67DC83C38CD14CFB926836F0 /* Pods.xcconfig */,
			);
			sourceTree = "<group>";
		};
		7A42278617EE10FC00E90387 /* Products */ = {
			isa = PBXGroup;
			children = (
				7A42278517EE10FC00E90387 /* Word Recall.app */,
				7A4227A617EE10FC00E90387 /* Word RecallTests.xctest */,
			);
			name = Products;
			sourceTree = "<group>";
		};
		7A42278717EE10FC00E90387 /* Frameworks */ = {
			isa = PBXGroup;
			children = (
				7A42278817EE10FC00E90387 /* Foundation.framework */,
				7A42278A17EE10FC00E90387 /* CoreGraphics.framework */,
				7A42278C17EE10FC00E90387 /* UIKit.framework */,
				7A4227A717EE10FC00E90387 /* XCTest.framework */,
				385FF3CC3C6A49D5B285D5B1 /* libPods.a */,
			);
			name = Frameworks;
			sourceTree = "<group>";
		};
		7A42278E17EE10FC00E90387 /* Word Recall */ = {
			isa = PBXGroup;
			children = (
				7A42279717EE10FC00E90387 /* WRCAppDelegate.h */,
				7A42279817EE10FC00E90387 /* WRCAppDelegate.m */,
				7AF0584217EE395E00BEADD1 /* WRCWordList.plist */,
				7A4227BE17EE122100E90387 /* Generic */,
				7A4227C317EE124300E90387 /* Model */,
				7A4227D417EE14D700E90387 /* Google Dictionary API */,
				7AF0584817EE415C00BEADD1 /* WRCQuizViewController.h */,
				7AF0584917EE415C00BEADD1 /* WRCQuizViewController.m */,
				7AF0584B17EE419900BEADD1 /* WRCQuizView.xib */,
				7AF0586F17EEAA9600BEADD1 /* WRCWordDefinitionTableViewPickerView.h */,
				7AF0587017EEAA9600BEADD1 /* WRCWordDefinitionTableViewPickerView.m */,
				7A4227A017EE10FC00E90387 /* Images.xcassets */,
				7A42278F17EE10FC00E90387 /* Supporting Files */,
			);
			path = "Word Recall";
			sourceTree = "<group>";
		};
		7A42278F17EE10FC00E90387 /* Supporting Files */ = {
			isa = PBXGroup;
			children = (
				7A42279017EE10FC00E90387 /* Word Recall-Info.plist */,
				7A42279117EE10FC00E90387 /* InfoPlist.strings */,
				7A42279417EE10FC00E90387 /* main.m */,
				7A42279617EE10FC00E90387 /* Word Recall-Prefix.pch */,
			);
			name = "Supporting Files";
			sourceTree = "<group>";
		};
		7A4227AD17EE10FC00E90387 /* Word RecallTests */ = {
			isa = PBXGroup;
			children = (
				7A4227B317EE10FC00E90387 /* Word_RecallTests.m */,
				7A4227AE17EE10FC00E90387 /* Supporting Files */,
			);
			path = "Word RecallTests";
			sourceTree = "<group>";
		};
		7A4227AE17EE10FC00E90387 /* Supporting Files */ = {
			isa = PBXGroup;
			children = (
				7A4227AF17EE10FC00E90387 /* Word RecallTests-Info.plist */,
				7A4227B017EE10FC00E90387 /* InfoPlist.strings */,
			);
			name = "Supporting Files";
			sourceTree = "<group>";
		};
		7A4227BE17EE122100E90387 /* Generic */ = {
			isa = PBXGroup;
			children = (
				7A4227BF17EE122100E90387 /* Classes */,
				7AF0584417EE3AD100BEADD1 /* Categories */,
			);
			path = Generic;
			sourceTree = "<group>";
		};
		7A4227BF17EE122100E90387 /* Classes */ = {
			isa = PBXGroup;
			children = (
				7A4227C017EE122100E90387 /* ATArchivableObject.h */,
				7A4227C117EE122100E90387 /* ATArchivableObject.m */,
				7AF0583F17EE37FE00BEADD1 /* ATObjectStore.h */,
				7AF0584017EE37FE00BEADD1 /* ATObjectStore.m */,
				7AF0583217EE1B2700BEADD1 /* ATAFJSONPResponseSerializer.h */,
				7AF0583317EE1B2700BEADD1 /* ATAFJSONPResponseSerializer.m */,
				7AF0586C17EEA37F00BEADD1 /* ATTableViewPickerView.h */,
				7AF0586D17EEA37F00BEADD1 /* ATTableViewPickerView.m */,
			);
			path = Classes;
			sourceTree = "<group>";
		};
		7A4227C317EE124300E90387 /* Model */ = {
			isa = PBXGroup;
			children = (
				7A4227C417EE125500E90387 /* WRCWordInfo.h */,
				7A4227C517EE125500E90387 /* WRCWordInfo.m */,
			);
			path = Model;
			sourceTree = "<group>";
		};
		7A4227D417EE14D700E90387 /* Google Dictionary API */ = {
			isa = PBXGroup;
			children = (
				7A4227D517EE14D700E90387 /* GOOWordInfo.h */,
				7A4227D617EE14D700E90387 /* GOOWordInfo.m */,
				7A4227D717EE14D700E90387 /* GOOWordInfoSearch.h */,
				7A4227D817EE14D700E90387 /* GOOWordInfoSearch.m */,
				7AF0583517EE1F8800BEADD1 /* GOOJSONPResponseSerializer.h */,
				7AF0583617EE1F8800BEADD1 /* GOOJSONPResponseSerializer.m */,
			);
			path = "Google Dictionary API";
			sourceTree = "<group>";
		};
		7AF0584417EE3AD100BEADD1 /* Categories */ = {
			isa = PBXGroup;
			children = (
				7AF0584517EE3AD600BEADD1 /* NSURL+SystemDirectories.h */,
				7AF0584617EE3AD600BEADD1 /* NSURL+SystemDirectories.m */,
				7AF0586317EE563F00BEADD1 /* NSArray+Shuffle.h */,
				7AF0586417EE563F00BEADD1 /* NSArray+Shuffle.m */,
				7AF0586617EE587700BEADD1 /* NSArray+RandomObject.h */,
				7AF0586717EE587700BEADD1 /* NSArray+RandomObject.m */,
			);
			path = Categories;
			sourceTree = "<group>";
		};
/* End PBXGroup section */

/* Begin PBXNativeTarget section */
		7A42278417EE10FC00E90387 /* Word Recall */ = {
			isa = PBXNativeTarget;
			buildConfigurationList = 7A4227B717EE10FC00E90387 /* Build configuration list for PBXNativeTarget "Word Recall" */;
			buildPhases = (
				18449FCBF3C3417EAC9CB242 /* Check Pods Manifest.lock */,
				7A42278117EE10FC00E90387 /* Sources */,
				7A42278217EE10FC00E90387 /* Frameworks */,
				7A42278317EE10FC00E90387 /* Resources */,
				8A1B081BC9FE40E4A3F87B05 /* Copy Pods Resources */,
			);
			buildRules = (
			);
			dependencies = (
			);
			name = "Word Recall";
			productName = "Word Recall";
			productReference = 7A42278517EE10FC00E90387 /* Word Recall.app */;
			productType = "com.apple.product-type.application";
		};
		7A4227A517EE10FC00E90387 /* Word RecallTests */ = {
			isa = PBXNativeTarget;
			buildConfigurationList = 7A4227BA17EE10FC00E90387 /* Build configuration list for PBXNativeTarget "Word RecallTests" */;
			buildPhases = (
				7A4227A217EE10FC00E90387 /* Sources */,
				7A4227A317EE10FC00E90387 /* Frameworks */,
				7A4227A417EE10FC00E90387 /* Resources */,
			);
			buildRules = (
			);
			dependencies = (
				7A4227AC17EE10FC00E90387 /* PBXTargetDependency */,
			);
			name = "Word RecallTests";
			productName = "Word RecallTests";
			productReference = 7A4227A617EE10FC00E90387 /* Word RecallTests.xctest */;
			productType = "com.apple.product-type.bundle.unit-test";
		};
/* End PBXNativeTarget section */

/* Begin PBXProject section */
		7A42277D17EE10FC00E90387 /* Project object */ = {
			isa = PBXProject;
			attributes = {
				CLASSPREFIX = WRC;
				LastUpgradeCheck = 0500;
				ORGANIZATIONNAME = "Adrien Truong";
				TargetAttributes = {
					7A4227A517EE10FC00E90387 = {
						TestTargetID = 7A42278417EE10FC00E90387;
					};
				};
			};
			buildConfigurationList = 7A42278017EE10FC00E90387 /* Build configuration list for PBXProject "Word Recall" */;
			compatibilityVersion = "Xcode 3.2";
			developmentRegion = English;
			hasScannedForEncodings = 0;
			knownRegions = (
				en,
				Base,
			);
			mainGroup = 7A42277C17EE10FC00E90387;
			productRefGroup = 7A42278617EE10FC00E90387 /* Products */;
			projectDirPath = "";
			projectRoot = "";
			targets = (
				7A42278417EE10FC00E90387 /* Word Recall */,
				7A4227A517EE10FC00E90387 /* Word RecallTests */,
			);
		};
/* End PBXProject section */

/* Begin PBXResourcesBuildPhase section */
		7A42278317EE10FC00E90387 /* Resources */ = {
			isa = PBXResourcesBuildPhase;
			buildActionMask = 2147483647;
			files = (
				7AF0584C17EE419900BEADD1 /* WRCQuizView.xib in Resources */,
				7A4227A117EE10FC00E90387 /* Images.xcassets in Resources */,
				7AF0584317EE395E00BEADD1 /* WRCWordList.plist in Resources */,
				7A42279317EE10FC00E90387 /* InfoPlist.strings in Resources */,
			);
			runOnlyForDeploymentPostprocessing = 0;
		};
		7A4227A417EE10FC00E90387 /* Resources */ = {
			isa = PBXResourcesBuildPhase;
			buildActionMask = 2147483647;
			files = (
				7A4227B217EE10FC00E90387 /* InfoPlist.strings in Resources */,
			);
			runOnlyForDeploymentPostprocessing = 0;
		};
/* End PBXResourcesBuildPhase section */

/* Begin PBXShellScriptBuildPhase section */
		18449FCBF3C3417EAC9CB242 /* Check Pods Manifest.lock */ = {
			isa = PBXShellScriptBuildPhase;
			buildActionMask = 2147483647;
			files = (
			);
			inputPaths = (
			);
			name = "Check Pods Manifest.lock";
			outputPaths = (
			);
			runOnlyForDeploymentPostprocessing = 0;
			shellPath = /bin/sh;
			shellScript = "diff \"${PODS_ROOT}/../Podfile.lock\" \"${PODS_ROOT}/Manifest.lock\" > /dev/null\nif [[ $? != 0 ]] ; then\n    cat << EOM\nerror: The sandbox is not in sync with the Podfile.lock. Run 'pod install' or update your CocoaPods installation.\nEOM\n    exit 1\nfi\n";
		};
		8A1B081BC9FE40E4A3F87B05 /* Copy Pods Resources */ = {
			isa = PBXShellScriptBuildPhase;
			buildActionMask = 2147483647;
			files = (
			);
			inputPaths = (
			);
			name = "Copy Pods Resources";
			outputPaths = (
			);
			runOnlyForDeploymentPostprocessing = 0;
			shellPath = /bin/sh;
			shellScript = "\"${SRCROOT}/Pods/Pods-resources.sh\"\n";
		};
/* End PBXShellScriptBuildPhase section */

/* Begin PBXSourcesBuildPhase section */
		7A42278117EE10FC00E90387 /* Sources */ = {
			isa = PBXSourcesBuildPhase;
			buildActionMask = 2147483647;
			files = (
				7AF0584A17EE415C00BEADD1 /* WRCQuizViewController.m in Sources */,
				7AF0583417EE1B2700BEADD1 /* ATAFJSONPResponseSerializer.m in Sources */,
				7AF0586E17EEA37F00BEADD1 /* ATTableViewPickerView.m in Sources */,
				7AF0584117EE37FE00BEADD1 /* ATObjectStore.m in Sources */,
				7AF0587117EEAA9600BEADD1 /* WRCWordDefinitionTableViewPickerView.m in Sources */,
				7A4227D917EE14D700E90387 /* GOOWordInfo.m in Sources */,
				7AF0584717EE3AD600BEADD1 /* NSURL+SystemDirectories.m in Sources */,
				7A4227C617EE125500E90387 /* WRCWordInfo.m in Sources */,
				7A42279517EE10FC00E90387 /* main.m in Sources */,
				7AF0586817EE587700BEADD1 /* NSArray+RandomObject.m in Sources */,
				7A4227DA17EE14D700E90387 /* GOOWordInfoSearch.m in Sources */,
				7AF0586517EE563F00BEADD1 /* NSArray+Shuffle.m in Sources */,
				7A4227C217EE122100E90387 /* ATArchivableObject.m in Sources */,
				7A42279917EE10FC00E90387 /* WRCAppDelegate.m in Sources */,
				7AF0583717EE1F8800BEADD1 /* GOOJSONPResponseSerializer.m in Sources */,
			);
			runOnlyForDeploymentPostprocessing = 0;
		};
		7A4227A217EE10FC00E90387 /* Sources */ = {
			isa = PBXSourcesBuildPhase;
			buildActionMask = 2147483647;
			files = (
				7A4227B417EE10FC00E90387 /* Word_RecallTests.m in Sources */,
			);
			runOnlyForDeploymentPostprocessing = 0;
		};
/* End PBXSourcesBuildPhase section */

/* Begin PBXTargetDependency section */
		7A4227AC17EE10FC00E90387 /* PBXTargetDependency */ = {
			isa = PBXTargetDependency;
			target = 7A42278417EE10FC00E90387 /* Word Recall */;
			targetProxy = 7A4227AB17EE10FC00E90387 /* PBXContainerItemProxy */;
		};
/* End PBXTargetDependency section */

/* Begin PBXVariantGroup section */
		7A42279117EE10FC00E90387 /* InfoPlist.strings */ = {
			isa = PBXVariantGroup;
			children = (
				7A42279217EE10FC00E90387 /* en */,
			);
			name = InfoPlist.strings;
			sourceTree = "<group>";
		};
		7A4227B017EE10FC00E90387 /* InfoPlist.strings */ = {
			isa = PBXVariantGroup;
			children = (
				7A4227B117EE10FC00E90387 /* en */,
			);
			name = InfoPlist.strings;
			sourceTree = "<group>";
		};
/* End PBXVariantGroup section */

/* Begin XCBuildConfiguration section */
		7A4227B517EE10FC00E90387 /* Debug */ = {
			isa = XCBuildConfiguration;
			buildSettings = {
				ALWAYS_SEARCH_USER_PATHS = NO;
				ARCHS = "$(ARCHS_STANDARD_INCLUDING_64_BIT)";
				CLANG_CXX_LANGUAGE_STANDARD = "gnu++0x";
				CLANG_CXX_LIBRARY = "libc++";
				CLANG_ENABLE_MODULES = YES;
				CLANG_ENABLE_OBJC_ARC = YES;
				CLANG_WARN_BOOL_CONVERSION = YES;
				CLANG_WARN_CONSTANT_CONVERSION = YES;
				CLANG_WARN_DIRECT_OBJC_ISA_USAGE = YES_ERROR;
				CLANG_WARN_EMPTY_BODY = YES;
				CLANG_WARN_ENUM_CONVERSION = YES;
				CLANG_WARN_INT_CONVERSION = YES;
				CLANG_WARN_OBJC_ROOT_CLASS = YES_ERROR;
				CLANG_WARN__DUPLICATE_METHOD_MATCH = YES;
				"CODE_SIGN_IDENTITY[sdk=iphoneos*]" = "iPhone Developer";
				COPY_PHASE_STRIP = NO;
				GCC_C_LANGUAGE_STANDARD = gnu99;
				GCC_DYNAMIC_NO_PIC = NO;
				GCC_OPTIMIZATION_LEVEL = 0;
				GCC_PREPROCESSOR_DEFINITIONS = (
					"DEBUG=1",
					"$(inherited)",
				);
				GCC_SYMBOLS_PRIVATE_EXTERN = NO;
				GCC_WARN_64_TO_32_BIT_CONVERSION = YES;
				GCC_WARN_ABOUT_RETURN_TYPE = YES_ERROR;
				GCC_WARN_UNDECLARED_SELECTOR = YES;
				GCC_WARN_UNINITIALIZED_AUTOS = YES;
				GCC_WARN_UNUSED_FUNCTION = YES;
				GCC_WARN_UNUSED_VARIABLE = YES;
				IPHONEOS_DEPLOYMENT_TARGET = 7.0;
				ONLY_ACTIVE_ARCH = YES;
				SDKROOT = iphoneos;
			};
			name = Debug;
		};
		7A4227B617EE10FC00E90387 /* Release */ = {
			isa = XCBuildConfiguration;
			buildSettings = {
				ALWAYS_SEARCH_USER_PATHS = NO;
				ARCHS = "$(ARCHS_STANDARD_INCLUDING_64_BIT)";
				CLANG_CXX_LANGUAGE_STANDARD = "gnu++0x";
				CLANG_CXX_LIBRARY = "libc++";
				CLANG_ENABLE_MODULES = YES;
				CLANG_ENABLE_OBJC_ARC = YES;
				CLANG_WARN_BOOL_CONVERSION = YES;
				CLANG_WARN_CONSTANT_CONVERSION = YES;
				CLANG_WARN_DIRECT_OBJC_ISA_USAGE = YES_ERROR;
				CLANG_WARN_EMPTY_BODY = YES;
				CLANG_WARN_ENUM_CONVERSION = YES;
				CLANG_WARN_INT_CONVERSION = YES;
				CLANG_WARN_OBJC_ROOT_CLASS = YES_ERROR;
				CLANG_WARN__DUPLICATE_METHOD_MATCH = YES;
				"CODE_SIGN_IDENTITY[sdk=iphoneos*]" = "iPhone Developer";
				COPY_PHASE_STRIP = YES;
				ENABLE_NS_ASSERTIONS = NO;
				GCC_C_LANGUAGE_STANDARD = gnu99;
				GCC_WARN_64_TO_32_BIT_CONVERSION = YES;
				GCC_WARN_ABOUT_RETURN_TYPE = YES_ERROR;
				GCC_WARN_UNDECLARED_SELECTOR = YES;
				GCC_WARN_UNINITIALIZED_AUTOS = YES;
				GCC_WARN_UNUSED_FUNCTION = YES;
				GCC_WARN_UNUSED_VARIABLE = YES;
				IPHONEOS_DEPLOYMENT_TARGET = 7.0;
				SDKROOT = iphoneos;
				VALIDATE_PRODUCT = YES;
			};
			name = Release;
		};
		7A4227B817EE10FC00E90387 /* Debug */ = {
			isa = XCBuildConfiguration;
			baseConfigurationReference = 67DC83C38CD14CFB926836F0 /* Pods.xcconfig */;
			buildSettings = {
				ASSETCATALOG_COMPILER_APPICON_NAME = AppIcon;
				ASSETCATALOG_COMPILER_LAUNCHIMAGE_NAME = LaunchImage;
				GCC_PRECOMPILE_PREFIX_HEADER = YES;
				GCC_PREFIX_HEADER = "Word Recall/Word Recall-Prefix.pch";
				INFOPLIST_FILE = "Word Recall/Word Recall-Info.plist";
				PRODUCT_NAME = "$(TARGET_NAME)";
				WRAPPER_EXTENSION = app;
			};
			name = Debug;
		};
		7A4227B917EE10FC00E90387 /* Release */ = {
			isa = XCBuildConfiguration;
			baseConfigurationReference = 67DC83C38CD14CFB926836F0 /* Pods.xcconfig */;
			buildSettings = {
				ASSETCATALOG_COMPILER_APPICON_NAME = AppIcon;
				ASSETCATALOG_COMPILER_LAUNCHIMAGE_NAME = LaunchImage;
				GCC_PRECOMPILE_PREFIX_HEADER = YES;
				GCC_PREFIX_HEADER = "Word Recall/Word Recall-Prefix.pch";
				INFOPLIST_FILE = "Word Recall/Word Recall-Info.plist";
				PRODUCT_NAME = "$(TARGET_NAME)";
				WRAPPER_EXTENSION = app;
			};
			name = Release;
		};
		7A4227BB17EE10FC00E90387 /* Debug */ = {
			isa = XCBuildConfiguration;
			buildSettings = {
				ARCHS = "$(ARCHS_STANDARD_INCLUDING_64_BIT)";
				BUNDLE_LOADER = "$(BUILT_PRODUCTS_DIR)/Word Recall.app/Word Recall";
				FRAMEWORK_SEARCH_PATHS = (
					"$(SDKROOT)/Developer/Library/Frameworks",
					"$(inherited)",
					"$(DEVELOPER_FRAMEWORKS_DIR)",
				);
				GCC_PRECOMPILE_PREFIX_HEADER = YES;
				GCC_PREFIX_HEADER = "Word Recall/Word Recall-Prefix.pch";
				GCC_PREPROCESSOR_DEFINITIONS = (
					"DEBUG=1",
					"$(inherited)",
				);
				INFOPLIST_FILE = "Word RecallTests/Word RecallTests-Info.plist";
				PRODUCT_NAME = "$(TARGET_NAME)";
				TEST_HOST = "$(BUNDLE_LOADER)";
				WRAPPER_EXTENSION = xctest;
			};
			name = Debug;
		};
		7A4227BC17EE10FC00E90387 /* Release */ = {
			isa = XCBuildConfiguration;
			buildSettings = {
				ARCHS = "$(ARCHS_STANDARD_INCLUDING_64_BIT)";
				BUNDLE_LOADER = "$(BUILT_PRODUCTS_DIR)/Word Recall.app/Word Recall";
				FRAMEWORK_SEARCH_PATHS = (
					"$(SDKROOT)/Developer/Library/Frameworks",
					"$(inherited)",
					"$(DEVELOPER_FRAMEWORKS_DIR)",
				);
				GCC_PRECOMPILE_PREFIX_HEADER = YES;
				GCC_PREFIX_HEADER = "Word Recall/Word Recall-Prefix.pch";
				INFOPLIST_FILE = "Word RecallTests/Word RecallTests-Info.plist";
				PRODUCT_NAME = "$(TARGET_NAME)";
				TEST_HOST = "$(BUNDLE_LOADER)";
				WRAPPER_EXTENSION = xctest;
			};
			name = Release;
		};
/* End XCBuildConfiguration section */

/* Begin XCConfigurationList section */
		7A42278017EE10FC00E90387 /* Build configuration list for PBXProject "Word Recall" */ = {
			isa = XCConfigurationList;
			buildConfigurations = (
				7A4227B517EE10FC00E90387 /* Debug */,
				7A4227B617EE10FC00E90387 /* Release */,
			);
			defaultConfigurationIsVisible = 0;
			defaultConfigurationName = Release;
		};
		7A4227B717EE10FC00E90387 /* Build configuration list for PBXNativeTarget "Word Recall" */ = {
			isa = XCConfigurationList;
			buildConfigurations = (
				7A4227B817EE10FC00E90387 /* Debug */,
				7A4227B917EE10FC00E90387 /* Release */,
			);
			defaultConfigurationIsVisible = 0;
			defaultConfigurationName = Release;
		};
		7A4227BA17EE10FC00E90387 /* Build configuration list for PBXNativeTarget "Word RecallTests" */ = {
			isa = XCConfigurationList;
			buildConfigurations = (
				7A4227BB17EE10FC00E90387 /* Debug */,
				7A4227BC17EE10FC00E90387 /* Release */,
			);
			defaultConfigurationIsVisible = 0;
			defaultConfigurationName = Release;
		};
/* End XCConfigurationList section */
	};
	rootObject = 7A42277D17EE10FC00E90387 /* Project object */;
}
